
Microsoft Visual Studio Solution File, Format Version 12.00
# Visual Studio Version 17
VisualStudioVersion = 17.6.33815.320
MinimumVisualStudioVersion = 10.0.40219.1
Project("{9A19103F-16F7-4668-BE54-9A1E7A4F7556}") = "RainTracker", "RainTracker.csproj", "{22A8BE27-6412-41AA-A0A9-D63A2C627C9C}"
EndProject
Project("{FAE04EC0-301F-11D3-BF4B-00C04F79EFBC}") = "RainTracker.Test", "..\RainTracker.Test\RainTracker.Test.csproj", "{BC74F6C9-1E89-49C1-9F3C-D2A9CB7B032C}"
EndProject
Global
	GlobalSection(SolutionConfigurationPlatforms) = preSolution
		Debug|Any CPU = Debug|Any CPU
		Release|Any CPU = Release|Any CPU
	EndGlobalSection
	GlobalSection(ProjectConfigurationPlatforms) = postSolution
		{22A8BE27-6412-41AA-A0A9-D63A2C627C9C}.Debug|Any CPU.ActiveCfg = Debug|Any CPU
		{22A8BE27-6412-41AA-A0A9-D63A2C627C9C}.Debug|Any CPU.Build.0 = Debug|Any CPU
		{22A8BE27-6412-41AA-A0A9-D63A2C627C9C}.Release|Any CPU.ActiveCfg = Release|Any CPU
		{22A8BE27-6412-41AA-A0A9-D63A2C627C9C}.Release|Any CPU.Build.0 = Release|Any CPU
		{BC74F6C9-1E89-49C1-9F3C-D2A9CB7B032C}.Debug|Any CPU.ActiveCfg = Debug|Any CPU
		{BC74F6C9-1E89-49C1-9F3C-D2A9CB7B032C}.Debug|Any CPU.Build.0 = Debug|Any CPU
		{BC74F6C9-1E89-49C1-9F3C-D2A9CB7B032C}.Release|Any CPU.ActiveCfg = Release|Any CPU
		{BC74F6C9-1E89-49C1-9F3C-D2A9CB7B032C}.Release|Any CPU.Build.0 = Release|Any CPU
	EndGlobalSection
	GlobalSection(SolutionProperties) = preSolution
		HideSolutionNode = FALSE
	EndGlobalSection
	GlobalSection(ExtensibilityGlobals) = postSolution
		SolutionGuid = {BD517620-A433-4676-B18B-F63EBCAA5ADD}
	EndGlobalSection
EndGlobal
